
Microsoft Visual Studio Solution File, Format Version 12.00
# Visual Studio Version 16
VisualStudioVersion = 16.0.29926.136
MinimumVisualStudioVersion = 10.0.40219.1
Project("{FAE04EC0-301F-11D3-BF4B-00C04F79EFBC}") = "Lab4_Powers_Table", "Lab4_Powers_Table\Lab4_Powers_Table.csproj", "{E4E48B32-745B-4394-91A2-8BF65821BD3E}"
EndProject
Global
	GlobalSection(SolutionConfigurationPlatforms) = preSolution
		Debug|Any CPU = Debug|Any CPU
		Release|Any CPU = Release|Any CPU
	EndGlobalSection
	GlobalSection(ProjectConfigurationPlatforms) = postSolution
		{E4E48B32-745B-4394-91A2-8BF65821BD3E}.Debug|Any CPU.ActiveCfg = Debug|Any CPU
		{E4E48B32-745B-4394-91A2-8BF65821BD3E}.Debug|Any CPU.Build.0 = Debug|Any CPU
		{E4E48B32-745B-4394-91A2-8BF65821BD3E}.Release|Any CPU.ActiveCfg = Release|Any CPU
		{E4E48B32-745B-4394-91A2-8BF65821BD3E}.Release|Any CPU.Build.0 = Release|Any CPU
	EndGlobalSection
	GlobalSection(SolutionProperties) = preSolution
		HideSolutionNode = FALSE
	EndGlobalSection
	GlobalSection(ExtensibilityGlobals) = postSolution
		SolutionGuid = {7DD49B8B-8BDC-401C-A7C0-F1266305BD51}
	EndGlobalSection
EndGlobal
